{
  "version": 4,
  "terraform_version": "0.12.13",
  "serial": 3,
  "lineage": "1a76de73-0c19-3f50-1ac2-296c422f34be",
  "outputs": {},
  "resources": [
    {
      "mode": "managed",
      "type": "aws_vpc",
      "name": "blog",
      "provider": "provider.aws",
      "instances": [
        {
          "schema_version": 1,
          "attributes": {
            "arn": "arn:aws:ec2:us-east-2:957744656220:vpc/vpc-00fbf753e74bbf864",
            "assign_generated_ipv6_cidr_block": false,
            "cidr_block": "172.18.0.0/16",
            "default_network_acl_id": "acl-01d2481ddc8abc933",
            "default_route_table_id": "rtb-0a3ab91a31c91b6e3",
            "default_security_group_id": "sg-0aa630344df184bdd",
            "dhcp_options_id": "dopt-3b8e1f50",
            "enable_classiclink": null,
            "enable_classiclink_dns_support": null,
            "enable_dns_hostnames": true,
            "enable_dns_support": true,
            "id": "vpc-00fbf753e74bbf864",
            "instance_tenancy": "default",
            "ipv6_association_id": "",
            "ipv6_cidr_block": "",
            "main_route_table_id": "rtb-0a3ab91a31c91b6e3",
            "owner_id": "957744656220",
            "tags": {
              "Name": "blog"
            }
          },
          "private": "eyJzY2hlbWFfdmVyc2lvbiI6IjEifQ=="
        }
      ]
    }
  ]
}
